
Microsoft Visual Studio Solution File, Format Version 12.00
# Visual Studio Version 17
VisualStudioVersion = 17.4.33110.190
MinimumVisualStudioVersion = 10.0.40219.1
Project("{9A19103F-16F7-4668-BE54-9A1E7A4F7556}") = "UnitTests", "UnitTests\UnitTests.csproj", "{4DB331C2-10C3-41F8-A261-65BFB40D4D7F}"
EndProject
Project("{9A19103F-16F7-4668-BE54-9A1E7A4F7556}") = "DBLib", "DBLib\DBLib.csproj", "{BFA96A24-EC18-4992-B96D-D0DDCA556598}"
EndProject
Project("{9A19103F-16F7-4668-BE54-9A1E7A4F7556}") = "TrendLineLib", "TrendLineLib\TrendLineLib.csproj", "{6784054C-954E-4F40-82F4-6C250CA50C61}"
EndProject
Project("{FAE04EC0-301F-11D3-BF4B-00C04F79EFBC}") = "CostStoriesTrendsLib", "CostStoriesTrendsLib\CostStoriesTrendsLib.csproj", "{1D9A40B5-4CB4-4C09-9861-FE14E4471912}"
EndProject
Global
	GlobalSection(SolutionConfigurationPlatforms) = preSolution
		Debug|Any CPU = Debug|Any CPU
		Release|Any CPU = Release|Any CPU
	EndGlobalSection
	GlobalSection(ProjectConfigurationPlatforms) = postSolution
		{4DB331C2-10C3-41F8-A261-65BFB40D4D7F}.Debug|Any CPU.ActiveCfg = Debug|Any CPU
		{4DB331C2-10C3-41F8-A261-65BFB40D4D7F}.Debug|Any CPU.Build.0 = Debug|Any CPU
		{4DB331C2-10C3-41F8-A261-65BFB40D4D7F}.Release|Any CPU.ActiveCfg = Release|Any CPU
		{4DB331C2-10C3-41F8-A261-65BFB40D4D7F}.Release|Any CPU.Build.0 = Release|Any CPU
		{BFA96A24-EC18-4992-B96D-D0DDCA556598}.Debug|Any CPU.ActiveCfg = Debug|Any CPU
		{BFA96A24-EC18-4992-B96D-D0DDCA556598}.Debug|Any CPU.Build.0 = Debug|Any CPU
		{BFA96A24-EC18-4992-B96D-D0DDCA556598}.Release|Any CPU.ActiveCfg = Release|Any CPU
		{BFA96A24-EC18-4992-B96D-D0DDCA556598}.Release|Any CPU.Build.0 = Release|Any CPU
		{6784054C-954E-4F40-82F4-6C250CA50C61}.Debug|Any CPU.ActiveCfg = Debug|Any CPU
		{6784054C-954E-4F40-82F4-6C250CA50C61}.Debug|Any CPU.Build.0 = Debug|Any CPU
		{6784054C-954E-4F40-82F4-6C250CA50C61}.Release|Any CPU.ActiveCfg = Release|Any CPU
		{6784054C-954E-4F40-82F4-6C250CA50C61}.Release|Any CPU.Build.0 = Release|Any CPU
		{1D9A40B5-4CB4-4C09-9861-FE14E4471912}.Debug|Any CPU.ActiveCfg = Debug|Any CPU
		{1D9A40B5-4CB4-4C09-9861-FE14E4471912}.Debug|Any CPU.Build.0 = Debug|Any CPU
		{1D9A40B5-4CB4-4C09-9861-FE14E4471912}.Release|Any CPU.ActiveCfg = Release|Any CPU
		{1D9A40B5-4CB4-4C09-9861-FE14E4471912}.Release|Any CPU.Build.0 = Release|Any CPU
	EndGlobalSection
	GlobalSection(SolutionProperties) = preSolution
		HideSolutionNode = FALSE
	EndGlobalSection
	GlobalSection(ExtensibilityGlobals) = postSolution
		SolutionGuid = {40039085-C593-42D8-B2A0-853998602898}
	EndGlobalSection
EndGlobal
